{
  "name": "testaconexaobd",
  "version": "1.0.0",
  "lockfileVersion": 2,
  "requires": true,
  "packages": {
    "": {
      "name": "testaconexaobd",
      "version": "1.0.0",
      "license": "ISC",
      "dependencies": {
        "node-firebird": "^1.1.5"
      }
    },
    "node_modules/big-integer": {
      "version": "1.6.51",
      "resolved": "https://registry.npmjs.org/big-integer/-/big-integer-1.6.51.tgz",
      "integrity": "sha512-GPEid2Y9QU1Exl1rpO9B2IPJGHPSupF5GnVIP0blYvNOMer2bTvSWs1jGOUg04hTmu67nmLsQ9TBo1puaotBHg==",
      "engines": {
        "node": ">=0.6"
      }
    },
    "node_modules/long": {
      "version": "4.0.0",
      "resolved": "https://registry.npmjs.org/long/-/long-4.0.0.tgz",
      "integrity": "sha512-XsP+KhQif4bjX1kbuSiySJFNAehNxgLb6hPRGJ9QsUr8ajHkuXGdrHmFUTUUXhDwVX2R5bY4JNZEwbUiMhV+MA=="
    },
    "node_modules/node-firebird": {
      "version": "1.1.5",
      "resolved": "https://registry.npmjs.org/node-firebird/-/node-firebird-1.1.5.tgz",
      "integrity": "sha512-hfkNiaD0g9X7qD6IdaSqK3cpV43qT/t+TlOeuBVf7I+AOTziVAYg+0u04hTTqv1kX8mZU5BkfFPRNB4g2Mfrow==",
      "dependencies": {
        "big-integer": "^1.6.48",
        "long": "^4.0.0"
      }
    }
  },
  "dependencies": {
    "big-integer": {
      "version": "1.6.51",
      "resolved": "https://registry.npmjs.org/big-integer/-/big-integer-1.6.51.tgz",
      "integrity": "sha512-GPEid2Y9QU1Exl1rpO9B2IPJGHPSupF5GnVIP0blYvNOMer2bTvSWs1jGOUg04hTmu67nmLsQ9TBo1puaotBHg=="
    },
    "long": {
      "version": "4.0.0",
      "resolved": "https://registry.npmjs.org/long/-/long-4.0.0.tgz",
      "integrity": "sha512-XsP+KhQif4bjX1kbuSiySJFNAehNxgLb6hPRGJ9QsUr8ajHkuXGdrHmFUTUUXhDwVX2R5bY4JNZEwbUiMhV+MA=="
    },
    "node-firebird": {
      "version": "1.1.5",
      "resolved": "https://registry.npmjs.org/node-firebird/-/node-firebird-1.1.5.tgz",
      "integrity": "sha512-hfkNiaD0g9X7qD6IdaSqK3cpV43qT/t+TlOeuBVf7I+AOTziVAYg+0u04hTTqv1kX8mZU5BkfFPRNB4g2Mfrow==",
      "requires": {
        "big-integer": "^1.6.48",
        "long": "^4.0.0"
      }
    }
  }
}
